
Microsoft Visual Studio Solution File, Format Version 11.00
# Visual Studio 2010
Project("{2150E333-8FDC-42A3-9474-1A3956D46DE8}") = "WebParts", "WebParts", "{9E57DF4E-EAB7-46E6-9D4D-987C1BAE7CE4}"
EndProject
Project("{2150E333-8FDC-42A3-9474-1A3956D46DE8}") = "Solution Items", "Solution Items", "{427350E7-57D5-4909-A7FC-94DA557AA168}"
	ProjectSection(SolutionItems) = preProject
		BIT.UDLA.FLUJOS.PASANTIAS.vsmdi = BIT.UDLA.FLUJOS.PASANTIAS.vsmdi
		Local.testsettings = Local.testsettings
		TraceAndTestImpact.testsettings = TraceAndTestImpact.testsettings
	EndProjectSection
EndProject
Project("{FAE04EC0-301F-11D3-BF4B-00C04F79EFBC}") = "BIT.UDLA.FLUJOS.PASANTIAS.Membership", "BIT.UDLA.FLUJOS.PASANTIAS.Membership\BIT.UDLA.FLUJOS.PASANTIAS.Membership.csproj", "{9F358F1F-39DA-4D06-B8F9-42D104EFFB57}"
EndProject
Project("{FAE04EC0-301F-11D3-BF4B-00C04F79EFBC}") = "GacInstaller", "GacInstaller\GacInstaller.csproj", "{67FE2E26-B819-4F0E-A19D-1E220931E512}"
EndProject
Project("{2150E333-8FDC-42A3-9474-1A3956D46DE8}") = "Membership", "Membership", "{190D80F6-AB68-4289-A9EB-D69466EEC246}"
EndProject
Project("{FAE04EC0-301F-11D3-BF4B-00C04F79EFBC}") = "BIT.UDLA.FLUJOS.PASANTIAS.ProcesoLote", "BIT.UDLA.FLUJOS.PASANTIAS.ProcesoLote\BIT.UDLA.FLUJOS.PASANTIAS.ProcesoLote.csproj", "{B99AB8B5-0B33-415E-AB96-E4577D8F9D7C}"
EndProject
Project("{2150E333-8FDC-42A3-9474-1A3956D46DE8}") = "Procesos", "Procesos", "{3E08035D-DE21-4051-8382-F71B3EA5600E}"
EndProject
Project("{FAE04EC0-301F-11D3-BF4B-00C04F79EFBC}") = "BIT.UDLA.FLUJO.PASANTIAS.WebParts", "BIT.UDLA.FLUJO.PASANTIAS.WebParts\BIT.UDLA.FLUJO.PASANTIAS.WebParts.csproj", "{C30495E1-C812-485C-93EA-066A55B5BF60}"
	ProjectSection(ProjectDependencies) = postProject
		{CF9F9504-8AA2-459D-ACEE-F32F53F00F81} = {CF9F9504-8AA2-459D-ACEE-F32F53F00F81}
		{9F358F1F-39DA-4D06-B8F9-42D104EFFB57} = {9F358F1F-39DA-4D06-B8F9-42D104EFFB57}
		{86B0B729-299C-4F55-8841-4CBB328CA303} = {86B0B729-299C-4F55-8841-4CBB328CA303}
		{B72DE088-8F50-4B58-965B-FA3DFEB0F636} = {B72DE088-8F50-4B58-965B-FA3DFEB0F636}
	EndProjectSection
EndProject
Project("{FAE04EC0-301F-11D3-BF4B-00C04F79EFBC}") = "BIT.UDLA.FLUJOS.PASANTIAS.Comun", "BIT.UDLA.FLUJOS.PASANTIAS.Comun\BIT.UDLA.FLUJOS.PASANTIAS.Comun.csproj", "{AE3879BF-DB9C-416F-A03C-D9D021ACD6DD}"
EndProject
Project("{FAE04EC0-301F-11D3-BF4B-00C04F79EFBC}") = "BIT.UDLA.FLUJOS.PASANTIAS.Constants", "BIT.UDLA.FLUJOS.PASANTIAS.Constants\BIT.UDLA.FLUJOS.PASANTIAS.Constants.csproj", "{3A189E32-1920-4BBC-BEA0-D7E79D7E5F76}"
EndProject
Project("{FAE04EC0-301F-11D3-BF4B-00C04F79EFBC}") = "BIT.UDLA.FLUJOS.PASANTIAS.DbConnector", "BIT.UDLA.FLUJOS.PASANTIAS.DbConnector\BIT.UDLA.FLUJOS.PASANTIAS.DbConnector.csproj", "{CF9F9504-8AA2-459D-ACEE-F32F53F00F81}"
EndProject
Project("{FAE04EC0-301F-11D3-BF4B-00C04F79EFBC}") = "BIT.UDLA.FLUJOS.PASANTIAS.DBPersistance", "BIT.UDLA.FLUJOS.PASANTIAS.DBPersistance\BIT.UDLA.FLUJOS.PASANTIAS.DBPersistance.csproj", "{B72DE088-8F50-4B58-965B-FA3DFEB0F636}"
EndProject
Project("{FAE04EC0-301F-11D3-BF4B-00C04F79EFBC}") = "BIT.UDLA.FLUJOS.PASANTIAS.Entities", "BIT.UDLA.FLUJOS.PASANTIAS.Entities\BIT.UDLA.FLUJOS.PASANTIAS.Entities.csproj", "{AD439141-8950-4B69-8BE4-9B95FCC435AD}"
EndProject
Project("{FAE04EC0-301F-11D3-BF4B-00C04F79EFBC}") = "BIT.UDLA.FLUJOS.PASANTIAS.MossPersistance", "BIT.UDLA.FLUJOS.PASANTIAS.MossPersistance\BIT.UDLA.FLUJOS.PASANTIAS.MossPersistance.csproj", "{86B0B729-299C-4F55-8841-4CBB328CA303}"
EndProject
Project("{FAE04EC0-301F-11D3-BF4B-00C04F79EFBC}") = "BIT.UDLA.FLUJOS.PASANTIAS.Logic", "BIT.UDLA.FLUJOS.PASANTIAS.Logic\BIT.UDLA.FLUJOS.PASANTIAS.Logic.csproj", "{D1FED0B8-230F-4C6C-822C-4F5F181F5DB1}"
EndProject
Project("{2150E333-8FDC-42A3-9474-1A3956D46DE8}") = "Logic", "Logic", "{741BB048-5E7F-461C-B5B3-F3CA6AE9F153}"
EndProject
Global
	GlobalSection(TeamFoundationVersionControl) = preSolution
		SccNumberOfProjects = 12
		SccEnterpriseProvider = {4CA58AB2-18FA-4F8D-95D4-32DDF27D184C}
		SccTeamFoundationServer = https://mushroomsoftit.tfspreview.com/defaultcollection
		SccLocalPath0 = .
		SccProjectUniqueName1 = BIT.UDLA.FLUJO.PASANTIAS.WebParts\\BIT.UDLA.FLUJO.PASANTIAS.WebParts.csproj
		SccProjectTopLevelParentUniqueName1 = BIT.UDLA.FLUJOS.PASANTIAS.sln
		SccProjectName1 = BIT.UDLA.FLUJO.PASANTIAS.WebParts
		SccLocalPath1 = BIT.UDLA.FLUJO.PASANTIAS.WebParts
		SccProjectUniqueName2 = BIT.UDLA.FLUJOS.PASANTIAS.Comun\\BIT.UDLA.FLUJOS.PASANTIAS.Comun.csproj
		SccProjectTopLevelParentUniqueName2 = BIT.UDLA.FLUJOS.PASANTIAS.sln
		SccProjectName2 = BIT.UDLA.FLUJOS.PASANTIAS.Comun
		SccLocalPath2 = BIT.UDLA.FLUJOS.PASANTIAS.Comun
		SccProjectUniqueName3 = BIT.UDLA.FLUJOS.PASANTIAS.Constants\\BIT.UDLA.FLUJOS.PASANTIAS.Constants.csproj
		SccProjectTopLevelParentUniqueName3 = BIT.UDLA.FLUJOS.PASANTIAS.sln
		SccProjectName3 = BIT.UDLA.FLUJOS.PASANTIAS.Constants
		SccLocalPath3 = BIT.UDLA.FLUJOS.PASANTIAS.Constants
		SccProjectUniqueName4 = BIT.UDLA.FLUJOS.PASANTIAS.DbConnector\\BIT.UDLA.FLUJOS.PASANTIAS.DbConnector.csproj
		SccProjectTopLevelParentUniqueName4 = BIT.UDLA.FLUJOS.PASANTIAS.sln
		SccProjectName4 = BIT.UDLA.FLUJOS.PASANTIAS.DbConnector
		SccLocalPath4 = BIT.UDLA.FLUJOS.PASANTIAS.DbConnector
		SccProjectUniqueName5 = BIT.UDLA.FLUJOS.PASANTIAS.DBPersistance\\BIT.UDLA.FLUJOS.PASANTIAS.DBPersistance.csproj
		SccProjectTopLevelParentUniqueName5 = BIT.UDLA.FLUJOS.PASANTIAS.sln
		SccProjectName5 = BIT.UDLA.FLUJOS.PASANTIAS.DBPersistance
		SccLocalPath5 = BIT.UDLA.FLUJOS.PASANTIAS.DBPersistance
		SccProjectUniqueName6 = BIT.UDLA.FLUJOS.PASANTIAS.Entities\\BIT.UDLA.FLUJOS.PASANTIAS.Entities.csproj
		SccProjectTopLevelParentUniqueName6 = BIT.UDLA.FLUJOS.PASANTIAS.sln
		SccProjectName6 = BIT.UDLA.FLUJOS.PASANTIAS.Entities
		SccLocalPath6 = BIT.UDLA.FLUJOS.PASANTIAS.Entities
		SccProjectUniqueName7 = BIT.UDLA.FLUJOS.PASANTIAS.Logic\\BIT.UDLA.FLUJOS.PASANTIAS.Logic.csproj
		SccProjectTopLevelParentUniqueName7 = BIT.UDLA.FLUJOS.PASANTIAS.sln
		SccProjectName7 = BIT.UDLA.FLUJOS.PASANTIAS.Logic
		SccLocalPath7 = BIT.UDLA.FLUJOS.PASANTIAS.Logic
		SccProjectUniqueName8 = BIT.UDLA.FLUJOS.PASANTIAS.Membership\\BIT.UDLA.FLUJOS.PASANTIAS.Membership.csproj
		SccProjectTopLevelParentUniqueName8 = BIT.UDLA.FLUJOS.PASANTIAS.sln
		SccProjectName8 = BIT.UDLA.FLUJOS.PASANTIAS.Membership
		SccLocalPath8 = BIT.UDLA.FLUJOS.PASANTIAS.Membership
		SccProjectUniqueName9 = BIT.UDLA.FLUJOS.PASANTIAS.MossPersistance\\BIT.UDLA.FLUJOS.PASANTIAS.MossPersistance.csproj
		SccProjectTopLevelParentUniqueName9 = BIT.UDLA.FLUJOS.PASANTIAS.sln
		SccProjectName9 = BIT.UDLA.FLUJOS.PASANTIAS.MossPersistance
		SccLocalPath9 = BIT.UDLA.FLUJOS.PASANTIAS.MossPersistance
		SccProjectUniqueName10 = BIT.UDLA.FLUJOS.PASANTIAS.ProcesoLote\\BIT.UDLA.FLUJOS.PASANTIAS.ProcesoLote.csproj
		SccProjectTopLevelParentUniqueName10 = BIT.UDLA.FLUJOS.PASANTIAS.sln
		SccProjectName10 = BIT.UDLA.FLUJOS.PASANTIAS.ProcesoLote
		SccLocalPath10 = BIT.UDLA.FLUJOS.PASANTIAS.ProcesoLote
		SccProjectUniqueName11 = GacInstaller\\GacInstaller.csproj
		SccProjectName11 = GacInstaller
		SccLocalPath11 = GacInstaller
	EndGlobalSection
	GlobalSection(TestCaseManagementSettings) = postSolution
		CategoryFile = BIT.UDLA.FLUJOS.PASANTIAS.vsmdi
	EndGlobalSection
	GlobalSection(SolutionConfigurationPlatforms) = preSolution
		Debug|Any CPU = Debug|Any CPU
		Debug|Mixed Platforms = Debug|Mixed Platforms
		Debug|x86 = Debug|x86
		Release|Any CPU = Release|Any CPU
		Release|Mixed Platforms = Release|Mixed Platforms
		Release|x86 = Release|x86
	EndGlobalSection
	GlobalSection(ProjectConfigurationPlatforms) = postSolution
		{9F358F1F-39DA-4D06-B8F9-42D104EFFB57}.Debug|Any CPU.ActiveCfg = Debug|Any CPU
		{9F358F1F-39DA-4D06-B8F9-42D104EFFB57}.Debug|Any CPU.Build.0 = Debug|Any CPU
		{9F358F1F-39DA-4D06-B8F9-42D104EFFB57}.Debug|Mixed Platforms.ActiveCfg = Debug|Any CPU
		{9F358F1F-39DA-4D06-B8F9-42D104EFFB57}.Debug|Mixed Platforms.Build.0 = Debug|Any CPU
		{9F358F1F-39DA-4D06-B8F9-42D104EFFB57}.Debug|x86.ActiveCfg = Debug|Any CPU
		{9F358F1F-39DA-4D06-B8F9-42D104EFFB57}.Release|Any CPU.ActiveCfg = Release|Any CPU
		{9F358F1F-39DA-4D06-B8F9-42D104EFFB57}.Release|Any CPU.Build.0 = Release|Any CPU
		{9F358F1F-39DA-4D06-B8F9-42D104EFFB57}.Release|Mixed Platforms.ActiveCfg = Release|Any CPU
		{9F358F1F-39DA-4D06-B8F9-42D104EFFB57}.Release|Mixed Platforms.Build.0 = Release|Any CPU
		{9F358F1F-39DA-4D06-B8F9-42D104EFFB57}.Release|x86.ActiveCfg = Release|Any CPU
		{67FE2E26-B819-4F0E-A19D-1E220931E512}.Debug|Any CPU.ActiveCfg = Debug|x86
		{67FE2E26-B819-4F0E-A19D-1E220931E512}.Debug|Mixed Platforms.ActiveCfg = Debug|x86
		{67FE2E26-B819-4F0E-A19D-1E220931E512}.Debug|Mixed Platforms.Build.0 = Debug|x86
		{67FE2E26-B819-4F0E-A19D-1E220931E512}.Debug|x86.ActiveCfg = Debug|x86
		{67FE2E26-B819-4F0E-A19D-1E220931E512}.Debug|x86.Build.0 = Debug|x86
		{67FE2E26-B819-4F0E-A19D-1E220931E512}.Release|Any CPU.ActiveCfg = Release|x86
		{67FE2E26-B819-4F0E-A19D-1E220931E512}.Release|Mixed Platforms.ActiveCfg = Release|x86
		{67FE2E26-B819-4F0E-A19D-1E220931E512}.Release|Mixed Platforms.Build.0 = Release|x86
		{67FE2E26-B819-4F0E-A19D-1E220931E512}.Release|x86.ActiveCfg = Release|x86
		{67FE2E26-B819-4F0E-A19D-1E220931E512}.Release|x86.Build.0 = Release|x86
		{B99AB8B5-0B33-415E-AB96-E4577D8F9D7C}.Debug|Any CPU.ActiveCfg = Debug|x86
		{B99AB8B5-0B33-415E-AB96-E4577D8F9D7C}.Debug|Mixed Platforms.ActiveCfg = Debug|x86
		{B99AB8B5-0B33-415E-AB96-E4577D8F9D7C}.Debug|Mixed Platforms.Build.0 = Debug|x86
		{B99AB8B5-0B33-415E-AB96-E4577D8F9D7C}.Debug|x86.ActiveCfg = Debug|x86
		{B99AB8B5-0B33-415E-AB96-E4577D8F9D7C}.Debug|x86.Build.0 = Debug|x86
		{B99AB8B5-0B33-415E-AB96-E4577D8F9D7C}.Release|Any CPU.ActiveCfg = Release|x86
		{B99AB8B5-0B33-415E-AB96-E4577D8F9D7C}.Release|Mixed Platforms.ActiveCfg = Release|x86
		{B99AB8B5-0B33-415E-AB96-E4577D8F9D7C}.Release|Mixed Platforms.Build.0 = Release|x86
		{B99AB8B5-0B33-415E-AB96-E4577D8F9D7C}.Release|x86.ActiveCfg = Release|x86
		{B99AB8B5-0B33-415E-AB96-E4577D8F9D7C}.Release|x86.Build.0 = Release|x86
		{C30495E1-C812-485C-93EA-066A55B5BF60}.Debug|Any CPU.ActiveCfg = Debug|Any CPU
		{C30495E1-C812-485C-93EA-066A55B5BF60}.Debug|Any CPU.Build.0 = Debug|Any CPU
		{C30495E1-C812-485C-93EA-066A55B5BF60}.Debug|Any CPU.Deploy.0 = Debug|Any CPU
		{C30495E1-C812-485C-93EA-066A55B5BF60}.Debug|Mixed Platforms.ActiveCfg = Debug|Any CPU
		{C30495E1-C812-485C-93EA-066A55B5BF60}.Debug|Mixed Platforms.Build.0 = Debug|Any CPU
		{C30495E1-C812-485C-93EA-066A55B5BF60}.Debug|Mixed Platforms.Deploy.0 = Debug|Any CPU
		{C30495E1-C812-485C-93EA-066A55B5BF60}.Debug|x86.ActiveCfg = Debug|Any CPU
		{C30495E1-C812-485C-93EA-066A55B5BF60}.Release|Any CPU.ActiveCfg = Release|Any CPU
		{C30495E1-C812-485C-93EA-066A55B5BF60}.Release|Any CPU.Build.0 = Release|Any CPU
		{C30495E1-C812-485C-93EA-066A55B5BF60}.Release|Any CPU.Deploy.0 = Release|Any CPU
		{C30495E1-C812-485C-93EA-066A55B5BF60}.Release|Mixed Platforms.ActiveCfg = Release|Any CPU
		{C30495E1-C812-485C-93EA-066A55B5BF60}.Release|Mixed Platforms.Build.0 = Release|Any CPU
		{C30495E1-C812-485C-93EA-066A55B5BF60}.Release|Mixed Platforms.Deploy.0 = Release|Any CPU
		{C30495E1-C812-485C-93EA-066A55B5BF60}.Release|x86.ActiveCfg = Release|Any CPU
		{AE3879BF-DB9C-416F-A03C-D9D021ACD6DD}.Debug|Any CPU.ActiveCfg = Debug|Any CPU
		{AE3879BF-DB9C-416F-A03C-D9D021ACD6DD}.Debug|Any CPU.Build.0 = Debug|Any CPU
		{AE3879BF-DB9C-416F-A03C-D9D021ACD6DD}.Debug|Mixed Platforms.ActiveCfg = Debug|Any CPU
		{AE3879BF-DB9C-416F-A03C-D9D021ACD6DD}.Debug|Mixed Platforms.Build.0 = Debug|Any CPU
		{AE3879BF-DB9C-416F-A03C-D9D021ACD6DD}.Debug|x86.ActiveCfg = Debug|Any CPU
		{AE3879BF-DB9C-416F-A03C-D9D021ACD6DD}.Release|Any CPU.ActiveCfg = Release|Any CPU
		{AE3879BF-DB9C-416F-A03C-D9D021ACD6DD}.Release|Any CPU.Build.0 = Release|Any CPU
		{AE3879BF-DB9C-416F-A03C-D9D021ACD6DD}.Release|Mixed Platforms.ActiveCfg = Release|Any CPU
		{AE3879BF-DB9C-416F-A03C-D9D021ACD6DD}.Release|Mixed Platforms.Build.0 = Release|Any CPU
		{AE3879BF-DB9C-416F-A03C-D9D021ACD6DD}.Release|x86.ActiveCfg = Release|Any CPU
		{3A189E32-1920-4BBC-BEA0-D7E79D7E5F76}.Debug|Any CPU.ActiveCfg = Debug|Any CPU
		{3A189E32-1920-4BBC-BEA0-D7E79D7E5F76}.Debug|Any CPU.Build.0 = Debug|Any CPU
		{3A189E32-1920-4BBC-BEA0-D7E79D7E5F76}.Debug|Mixed Platforms.ActiveCfg = Debug|Any CPU
		{3A189E32-1920-4BBC-BEA0-D7E79D7E5F76}.Debug|Mixed Platforms.Build.0 = Debug|Any CPU
		{3A189E32-1920-4BBC-BEA0-D7E79D7E5F76}.Debug|x86.ActiveCfg = Debug|Any CPU
		{3A189E32-1920-4BBC-BEA0-D7E79D7E5F76}.Release|Any CPU.ActiveCfg = Release|Any CPU
		{3A189E32-1920-4BBC-BEA0-D7E79D7E5F76}.Release|Any CPU.Build.0 = Release|Any CPU
		{3A189E32-1920-4BBC-BEA0-D7E79D7E5F76}.Release|Mixed Platforms.ActiveCfg = Release|Any CPU
		{3A189E32-1920-4BBC-BEA0-D7E79D7E5F76}.Release|Mixed Platforms.Build.0 = Release|Any CPU
		{3A189E32-1920-4BBC-BEA0-D7E79D7E5F76}.Release|x86.ActiveCfg = Release|Any CPU
		{CF9F9504-8AA2-459D-ACEE-F32F53F00F81}.Debug|Any CPU.ActiveCfg = Debug|Any CPU
		{CF9F9504-8AA2-459D-ACEE-F32F53F00F81}.Debug|Any CPU.Build.0 = Debug|Any CPU
		{CF9F9504-8AA2-459D-ACEE-F32F53F00F81}.Debug|Mixed Platforms.ActiveCfg = Debug|Any CPU
		{CF9F9504-8AA2-459D-ACEE-F32F53F00F81}.Debug|Mixed Platforms.Build.0 = Debug|Any CPU
		{CF9F9504-8AA2-459D-ACEE-F32F53F00F81}.Debug|x86.ActiveCfg = Debug|Any CPU
		{CF9F9504-8AA2-459D-ACEE-F32F53F00F81}.Release|Any CPU.ActiveCfg = Release|Any CPU
		{CF9F9504-8AA2-459D-ACEE-F32F53F00F81}.Release|Any CPU.Build.0 = Release|Any CPU
		{CF9F9504-8AA2-459D-ACEE-F32F53F00F81}.Release|Mixed Platforms.ActiveCfg = Release|Any CPU
		{CF9F9504-8AA2-459D-ACEE-F32F53F00F81}.Release|Mixed Platforms.Build.0 = Release|Any CPU
		{CF9F9504-8AA2-459D-ACEE-F32F53F00F81}.Release|x86.ActiveCfg = Release|Any CPU
		{B72DE088-8F50-4B58-965B-FA3DFEB0F636}.Debug|Any CPU.ActiveCfg = Debug|Any CPU
		{B72DE088-8F50-4B58-965B-FA3DFEB0F636}.Debug|Any CPU.Build.0 = Debug|Any CPU
		{B72DE088-8F50-4B58-965B-FA3DFEB0F636}.Debug|Mixed Platforms.ActiveCfg = Debug|Any CPU
		{B72DE088-8F50-4B58-965B-FA3DFEB0F636}.Debug|Mixed Platforms.Build.0 = Debug|Any CPU
		{B72DE088-8F50-4B58-965B-FA3DFEB0F636}.Debug|x86.ActiveCfg = Debug|Any CPU
		{B72DE088-8F50-4B58-965B-FA3DFEB0F636}.Release|Any CPU.ActiveCfg = Release|Any CPU
		{B72DE088-8F50-4B58-965B-FA3DFEB0F636}.Release|Any CPU.Build.0 = Release|Any CPU
		{B72DE088-8F50-4B58-965B-FA3DFEB0F636}.Release|Mixed Platforms.ActiveCfg = Release|Any CPU
		{B72DE088-8F50-4B58-965B-FA3DFEB0F636}.Release|Mixed Platforms.Build.0 = Release|Any CPU
		{B72DE088-8F50-4B58-965B-FA3DFEB0F636}.Release|x86.ActiveCfg = Release|Any CPU
		{AD439141-8950-4B69-8BE4-9B95FCC435AD}.Debug|Any CPU.ActiveCfg = Debug|Any CPU
		{AD439141-8950-4B69-8BE4-9B95FCC435AD}.Debug|Any CPU.Build.0 = Debug|Any CPU
		{AD439141-8950-4B69-8BE4-9B95FCC435AD}.Debug|Mixed Platforms.ActiveCfg = Debug|Any CPU
		{AD439141-8950-4B69-8BE4-9B95FCC435AD}.Debug|Mixed Platforms.Build.0 = Debug|Any CPU
		{AD439141-8950-4B69-8BE4-9B95FCC435AD}.Debug|x86.ActiveCfg = Debug|Any CPU
		{AD439141-8950-4B69-8BE4-9B95FCC435AD}.Release|Any CPU.ActiveCfg = Release|Any CPU
		{AD439141-8950-4B69-8BE4-9B95FCC435AD}.Release|Any CPU.Build.0 = Release|Any CPU
		{AD439141-8950-4B69-8BE4-9B95FCC435AD}.Release|Mixed Platforms.ActiveCfg = Release|Any CPU
		{AD439141-8950-4B69-8BE4-9B95FCC435AD}.Release|Mixed Platforms.Build.0 = Release|Any CPU
		{AD439141-8950-4B69-8BE4-9B95FCC435AD}.Release|x86.ActiveCfg = Release|Any CPU
		{86B0B729-299C-4F55-8841-4CBB328CA303}.Debug|Any CPU.ActiveCfg = Debug|Any CPU
		{86B0B729-299C-4F55-8841-4CBB328CA303}.Debug|Any CPU.Build.0 = Debug|Any CPU
		{86B0B729-299C-4F55-8841-4CBB328CA303}.Debug|Mixed Platforms.ActiveCfg = Debug|Any CPU
		{86B0B729-299C-4F55-8841-4CBB328CA303}.Debug|Mixed Platforms.Build.0 = Debug|Any CPU
		{86B0B729-299C-4F55-8841-4CBB328CA303}.Debug|x86.ActiveCfg = Debug|Any CPU
		{86B0B729-299C-4F55-8841-4CBB328CA303}.Release|Any CPU.ActiveCfg = Release|Any CPU
		{86B0B729-299C-4F55-8841-4CBB328CA303}.Release|Any CPU.Build.0 = Release|Any CPU
		{86B0B729-299C-4F55-8841-4CBB328CA303}.Release|Mixed Platforms.ActiveCfg = Release|Any CPU
		{86B0B729-299C-4F55-8841-4CBB328CA303}.Release|Mixed Platforms.Build.0 = Release|Any CPU
		{86B0B729-299C-4F55-8841-4CBB328CA303}.Release|x86.ActiveCfg = Release|Any CPU
		{D1FED0B8-230F-4C6C-822C-4F5F181F5DB1}.Debug|Any CPU.ActiveCfg = Debug|Any CPU
		{D1FED0B8-230F-4C6C-822C-4F5F181F5DB1}.Debug|Any CPU.Build.0 = Debug|Any CPU
		{D1FED0B8-230F-4C6C-822C-4F5F181F5DB1}.Debug|Mixed Platforms.ActiveCfg = Debug|Any CPU
		{D1FED0B8-230F-4C6C-822C-4F5F181F5DB1}.Debug|Mixed Platforms.Build.0 = Debug|Any CPU
		{D1FED0B8-230F-4C6C-822C-4F5F181F5DB1}.Debug|x86.ActiveCfg = Debug|Any CPU
		{D1FED0B8-230F-4C6C-822C-4F5F181F5DB1}.Release|Any CPU.ActiveCfg = Release|Any CPU
		{D1FED0B8-230F-4C6C-822C-4F5F181F5DB1}.Release|Any CPU.Build.0 = Release|Any CPU
		{D1FED0B8-230F-4C6C-822C-4F5F181F5DB1}.Release|Mixed Platforms.ActiveCfg = Release|Any CPU
		{D1FED0B8-230F-4C6C-822C-4F5F181F5DB1}.Release|Mixed Platforms.Build.0 = Release|Any CPU
		{D1FED0B8-230F-4C6C-822C-4F5F181F5DB1}.Release|x86.ActiveCfg = Release|Any CPU
	EndGlobalSection
	GlobalSection(SolutionProperties) = preSolution
		HideSolutionNode = FALSE
	EndGlobalSection
	GlobalSection(NestedProjects) = preSolution
		{C30495E1-C812-485C-93EA-066A55B5BF60} = {9E57DF4E-EAB7-46E6-9D4D-987C1BAE7CE4}
		{9F358F1F-39DA-4D06-B8F9-42D104EFFB57} = {190D80F6-AB68-4289-A9EB-D69466EEC246}
		{B99AB8B5-0B33-415E-AB96-E4577D8F9D7C} = {3E08035D-DE21-4051-8382-F71B3EA5600E}
		{3A189E32-1920-4BBC-BEA0-D7E79D7E5F76} = {741BB048-5E7F-461C-B5B3-F3CA6AE9F153}
		{CF9F9504-8AA2-459D-ACEE-F32F53F00F81} = {741BB048-5E7F-461C-B5B3-F3CA6AE9F153}
		{B72DE088-8F50-4B58-965B-FA3DFEB0F636} = {741BB048-5E7F-461C-B5B3-F3CA6AE9F153}
		{AD439141-8950-4B69-8BE4-9B95FCC435AD} = {741BB048-5E7F-461C-B5B3-F3CA6AE9F153}
		{86B0B729-299C-4F55-8841-4CBB328CA303} = {741BB048-5E7F-461C-B5B3-F3CA6AE9F153}
		{D1FED0B8-230F-4C6C-822C-4F5F181F5DB1} = {741BB048-5E7F-461C-B5B3-F3CA6AE9F153}
		{AE3879BF-DB9C-416F-A03C-D9D021ACD6DD} = {741BB048-5E7F-461C-B5B3-F3CA6AE9F153}
	EndGlobalSection
EndGlobal
